
Microsoft Visual Studio Solution File, Format Version 12.00
# Visual Studio Version 17
VisualStudioVersion = 17.11.35222.181
MinimumVisualStudioVersion = 10.0.40219.1
Project("{FAE04EC0-301F-11D3-BF4B-00C04F79EFBC}") = "BibliotecaApi", "BibliotecaApi.csproj", "{20B141C2-C83C-41C3-805E-AA6DB022FF32}"
EndProject
Global
	GlobalSection(SolutionConfigurationPlatforms) = preSolution
		Debug|Any CPU = Debug|Any CPU
		Release|Any CPU = Release|Any CPU
	EndGlobalSection
	GlobalSection(ProjectConfigurationPlatforms) = postSolution
		{20B141C2-C83C-41C3-805E-AA6DB022FF32}.Debug|Any CPU.ActiveCfg = Debug|Any CPU
		{20B141C2-C83C-41C3-805E-AA6DB022FF32}.Debug|Any CPU.Build.0 = Debug|Any CPU
		{20B141C2-C83C-41C3-805E-AA6DB022FF32}.Release|Any CPU.ActiveCfg = Release|Any CPU
		{20B141C2-C83C-41C3-805E-AA6DB022FF32}.Release|Any CPU.Build.0 = Release|Any CPU
	EndGlobalSection
	GlobalSection(SolutionProperties) = preSolution
		HideSolutionNode = FALSE
	EndGlobalSection
	GlobalSection(ExtensibilityGlobals) = postSolution
		SolutionGuid = {E0BDCF43-CE81-424F-B4EE-4158D4EDC06C}
	EndGlobalSection
EndGlobal
